table:
  name: block
  schema: public
object_relationships:
  - name: validator
    using:
      foreign_key_constraint_on: proposer_address
array_relationships:
  - name: nyx_nym_mixnet_v1_gateway_events
    using:
      foreign_key_constraint_on:
        column: height
        table:
          name: nyx_nym_mixnet_v1_gateway_events
          schema: public
  - name: nyx_nym_mixnet_v1_mixnode_events
    using:
      foreign_key_constraint_on:
        column: height
        table:
          name: nyx_nym_mixnet_v1_mixnode_events
          schema: public
  - name: nyx_nym_mixnet_v1_mixnode_rewards
    using:
      foreign_key_constraint_on:
        column: height
        table:
          name: nyx_nym_mixnet_v1_mixnode_reward
          schema: public
  - name: nyx_nym_mixnet_v1_mixnode_statuses
    using:
      foreign_key_constraint_on:
        column: height
        table:
          name: nyx_nym_mixnet_v1_mixnode_status
          schema: public
  - name: nyx_nym_mixnet_v2_events
    using:
      foreign_key_constraint_on:
        column: height
        table:
          name: nyx_nym_mixnet_v2_events
          schema: public
  - name: nyx_nym_mixnet_v2_mixnode_rewards
    using:
      foreign_key_constraint_on:
        column: height
        table:
          name: nyx_nym_mixnet_v2_mixnode_reward
          schema: public
  - name: nyx_nym_mixnet_v2_mixnode_statuses
    using:
      foreign_key_constraint_on:
        column: height
        table:
          name: nyx_nym_mixnet_v2_mixnode_status
          schema: public
  - name: pre_commits
    using:
      manual_configuration:
        column_mapping:
          height: height
        insertion_order: null
        remote_table:
          name: pre_commit
          schema: public
  - name: proposal_deposits
    using:
      manual_configuration:
        column_mapping:
          height: height
        insertion_order: null
        remote_table:
          name: proposal_deposit
          schema: public
  - name: proposal_votes
    using:
      manual_configuration:
        column_mapping:
          height: height
        insertion_order: null
        remote_table:
          name: proposal_vote
          schema: public
  - name: transactions
    using:
      foreign_key_constraint_on:
        column: height
        table:
          name: transaction
          schema: public
  - name: validator_voting_powers
    using:
      manual_configuration:
        column_mapping:
          height: height
        insertion_order: null
        remote_table:
          name: validator_voting_power
          schema: public
  - name: wasmExecuteContractEventTypesByLastSeenHeight
    using:
      foreign_key_constraint_on:
        column: last_seen_height
        table:
          name: wasm_execute_contract_event_types
          schema: public
  - name: wasm_execute_contract_event_types
    using:
      foreign_key_constraint_on:
        column: first_seen_height
        table:
          name: wasm_execute_contract_event_types
          schema: public
select_permissions:
  - role: anonymous
    permission:
      columns:
        - num_txs
        - height
        - total_gas
        - hash
        - proposer_address
        - timestamp
      filter: {}
      allow_aggregations: true
